{
  "name": "Layui",
  "lockfileVersion": 2,
  "requires": true,
  "packages": {
    "": {
      "dependencies": {
        "layui": "^2.8.3"
      }
    },
    "node_modules/layui": {
      "version": "2.8.3",
      "resolved": "https://registry.npmmirror.com/layui/-/layui-2.8.3.tgz",
      "integrity": "sha512-NB0PjOjiVpGJvCcjplY4C5JDr3T4IoYn8wBEFtawkV24yvhins3zv5eUjhs4Vxx/WgdN4Ot3Mo4xcVz/BAn6Hg=="
    }
  },
  "dependencies": {
    "layui": {
      "version": "2.8.3",
      "resolved": "https://registry.npmmirror.com/layui/-/layui-2.8.3.tgz",
      "integrity": "sha512-NB0PjOjiVpGJvCcjplY4C5JDr3T4IoYn8wBEFtawkV24yvhins3zv5eUjhs4Vxx/WgdN4Ot3Mo4xcVz/BAn6Hg=="
    }
  }
}
